
Microsoft Visual Studio Solution File, Format Version 12.00
# Visual Studio Version 16
VisualStudioVersion = 16.0.29001.49
MinimumVisualStudioVersion = 10.0.40219.1
Project("{FAE04EC0-301F-11D3-BF4B-00C04F79EFBC}") = "SalesWebMvc", "SalesWebMvc\SalesWebMvc.csproj", "{70888AFE-0D4F-4007-8B08-67B8D3891F2C}"
EndProject
Global
	GlobalSection(SolutionConfigurationPlatforms) = preSolution
		Debug|Any CPU = Debug|Any CPU
		Release|Any CPU = Release|Any CPU
	EndGlobalSection
	GlobalSection(ProjectConfigurationPlatforms) = postSolution
		{70888AFE-0D4F-4007-8B08-67B8D3891F2C}.Debug|Any CPU.ActiveCfg = Debug|Any CPU
		{70888AFE-0D4F-4007-8B08-67B8D3891F2C}.Debug|Any CPU.Build.0 = Debug|Any CPU
		{70888AFE-0D4F-4007-8B08-67B8D3891F2C}.Release|Any CPU.ActiveCfg = Release|Any CPU
		{70888AFE-0D4F-4007-8B08-67B8D3891F2C}.Release|Any CPU.Build.0 = Release|Any CPU
	EndGlobalSection
	GlobalSection(SolutionProperties) = preSolution
		HideSolutionNode = FALSE
	EndGlobalSection
	GlobalSection(ExtensibilityGlobals) = postSolution
		SolutionGuid = {60BCBCCE-51B8-4798-94AF-0B3E57242590}
	EndGlobalSection
EndGlobal
